
Microsoft Visual Studio Solution File, Format Version 12.00
Project("{FAE04EC0-301F-11D3-BF4B-00C04F79EFBC}") = "SmartAuth.AppHost", "SmartAuth.AppHost\SmartAuth.AppHost.csproj", "{81330147-AEB3-4E6E-B021-C8CF485BA384}"
EndProject
Project("{FAE04EC0-301F-11D3-BF4B-00C04F79EFBC}") = "SmartAuth.ServiceDefaults", "SmartAuth.ServiceDefaults\SmartAuth.ServiceDefaults.csproj", "{3B478DB5-9D07-4D43-BEFE-BF927AF0FCD1}"
EndProject
Project("{FAE04EC0-301F-11D3-BF4B-00C04F79EFBC}") = "SmartAuth.Api", "SmartAuth.Api\SmartAuth.Api.csproj", "{7DE04D55-6BE4-477A-B206-729E6C06C10B}"
EndProject
Project("{FAE04EC0-301F-11D3-BF4B-00C04F79EFBC}") = "SmartAuth.Web", "SmartAuth.Web\SmartAuth.Web.csproj", "{73EFCB6F-B3F7-4396-A18A-78C7E79E65E5}"
EndProject
Global
	GlobalSection(SolutionConfigurationPlatforms) = preSolution
		Debug|Any CPU = Debug|Any CPU
		Debug|x64 = Debug|x64
		Debug|x86 = Debug|x86
		Release|Any CPU = Release|Any CPU
		Release|x64 = Release|x64
		Release|x86 = Release|x86
	EndGlobalSection
	GlobalSection(ProjectConfigurationPlatforms) = postSolution
		{81330147-AEB3-4E6E-B021-C8CF485BA384}.Debug|Any CPU.ActiveCfg = Debug|Any CPU
		{81330147-AEB3-4E6E-B021-C8CF485BA384}.Debug|Any CPU.Build.0 = Debug|Any CPU
		{81330147-AEB3-4E6E-B021-C8CF485BA384}.Debug|x64.ActiveCfg = Debug|Any CPU
		{81330147-AEB3-4E6E-B021-C8CF485BA384}.Debug|x64.Build.0 = Debug|Any CPU
		{81330147-AEB3-4E6E-B021-C8CF485BA384}.Debug|x86.ActiveCfg = Debug|Any CPU
		{81330147-AEB3-4E6E-B021-C8CF485BA384}.Debug|x86.Build.0 = Debug|Any CPU
		{81330147-AEB3-4E6E-B021-C8CF485BA384}.Release|Any CPU.ActiveCfg = Release|Any CPU
		{81330147-AEB3-4E6E-B021-C8CF485BA384}.Release|Any CPU.Build.0 = Release|Any CPU
		{81330147-AEB3-4E6E-B021-C8CF485BA384}.Release|x64.ActiveCfg = Release|Any CPU
		{81330147-AEB3-4E6E-B021-C8CF485BA384}.Release|x64.Build.0 = Release|Any CPU
		{81330147-AEB3-4E6E-B021-C8CF485BA384}.Release|x86.ActiveCfg = Release|Any CPU
		{81330147-AEB3-4E6E-B021-C8CF485BA384}.Release|x86.Build.0 = Release|Any CPU
		{3B478DB5-9D07-4D43-BEFE-BF927AF0FCD1}.Debug|Any CPU.ActiveCfg = Debug|Any CPU
		{3B478DB5-9D07-4D43-BEFE-BF927AF0FCD1}.Debug|Any CPU.Build.0 = Debug|Any CPU
		{3B478DB5-9D07-4D43-BEFE-BF927AF0FCD1}.Debug|x64.ActiveCfg = Debug|Any CPU
		{3B478DB5-9D07-4D43-BEFE-BF927AF0FCD1}.Debug|x64.Build.0 = Debug|Any CPU
		{3B478DB5-9D07-4D43-BEFE-BF927AF0FCD1}.Debug|x86.ActiveCfg = Debug|Any CPU
		{3B478DB5-9D07-4D43-BEFE-BF927AF0FCD1}.Debug|x86.Build.0 = Debug|Any CPU
		{3B478DB5-9D07-4D43-BEFE-BF927AF0FCD1}.Release|Any CPU.ActiveCfg = Release|Any CPU
		{3B478DB5-9D07-4D43-BEFE-BF927AF0FCD1}.Release|Any CPU.Build.0 = Release|Any CPU
		{3B478DB5-9D07-4D43-BEFE-BF927AF0FCD1}.Release|x64.ActiveCfg = Release|Any CPU
		{3B478DB5-9D07-4D43-BEFE-BF927AF0FCD1}.Release|x64.Build.0 = Release|Any CPU
		{3B478DB5-9D07-4D43-BEFE-BF927AF0FCD1}.Release|x86.ActiveCfg = Release|Any CPU
		{3B478DB5-9D07-4D43-BEFE-BF927AF0FCD1}.Release|x86.Build.0 = Release|Any CPU
		{7DE04D55-6BE4-477A-B206-729E6C06C10B}.Debug|Any CPU.ActiveCfg = Debug|Any CPU
		{7DE04D55-6BE4-477A-B206-729E6C06C10B}.Debug|Any CPU.Build.0 = Debug|Any CPU
		{7DE04D55-6BE4-477A-B206-729E6C06C10B}.Debug|x64.ActiveCfg = Debug|Any CPU
		{7DE04D55-6BE4-477A-B206-729E6C06C10B}.Debug|x64.Build.0 = Debug|Any CPU
		{7DE04D55-6BE4-477A-B206-729E6C06C10B}.Debug|x86.ActiveCfg = Debug|Any CPU
		{7DE04D55-6BE4-477A-B206-729E6C06C10B}.Debug|x86.Build.0 = Debug|Any CPU
		{7DE04D55-6BE4-477A-B206-729E6C06C10B}.Release|Any CPU.ActiveCfg = Release|Any CPU
		{7DE04D55-6BE4-477A-B206-729E6C06C10B}.Release|Any CPU.Build.0 = Release|Any CPU
		{7DE04D55-6BE4-477A-B206-729E6C06C10B}.Release|x64.ActiveCfg = Release|Any CPU
		{7DE04D55-6BE4-477A-B206-729E6C06C10B}.Release|x64.Build.0 = Release|Any CPU
		{7DE04D55-6BE4-477A-B206-729E6C06C10B}.Release|x86.ActiveCfg = Release|Any CPU
		{7DE04D55-6BE4-477A-B206-729E6C06C10B}.Release|x86.Build.0 = Release|Any CPU
		{73EFCB6F-B3F7-4396-A18A-78C7E79E65E5}.Debug|Any CPU.ActiveCfg = Debug|Any CPU
		{73EFCB6F-B3F7-4396-A18A-78C7E79E65E5}.Debug|Any CPU.Build.0 = Debug|Any CPU
		{73EFCB6F-B3F7-4396-A18A-78C7E79E65E5}.Debug|x64.ActiveCfg = Debug|Any CPU
		{73EFCB6F-B3F7-4396-A18A-78C7E79E65E5}.Debug|x64.Build.0 = Debug|Any CPU
		{73EFCB6F-B3F7-4396-A18A-78C7E79E65E5}.Debug|x86.ActiveCfg = Debug|Any CPU
		{73EFCB6F-B3F7-4396-A18A-78C7E79E65E5}.Debug|x86.Build.0 = Debug|Any CPU
		{73EFCB6F-B3F7-4396-A18A-78C7E79E65E5}.Release|Any CPU.ActiveCfg = Release|Any CPU
		{73EFCB6F-B3F7-4396-A18A-78C7E79E65E5}.Release|Any CPU.Build.0 = Release|Any CPU
		{73EFCB6F-B3F7-4396-A18A-78C7E79E65E5}.Release|x64.ActiveCfg = Release|Any CPU
		{73EFCB6F-B3F7-4396-A18A-78C7E79E65E5}.Release|x64.Build.0 = Release|Any CPU
		{73EFCB6F-B3F7-4396-A18A-78C7E79E65E5}.Release|x86.ActiveCfg = Release|Any CPU
		{73EFCB6F-B3F7-4396-A18A-78C7E79E65E5}.Release|x86.Build.0 = Release|Any CPU
	EndGlobalSection
	GlobalSection(SolutionProperties) = preSolution
		HideSolutionNode = FALSE
	EndGlobalSection
EndGlobal
